
Microsoft Visual Studio Solution File, Format Version 12.00
# Visual Studio Version 17
VisualStudioVersion = 17.4.33110.190
MinimumVisualStudioVersion = 10.0.40219.1
Project("{FAE04EC0-301F-11D3-BF4B-00C04F79EFBC}") = "RailwayReservationAPI", "RailwayReservationAPI\RailwayReservationAPI.csproj", "{75B64A2C-A9B7-4F4A-B520-6506E78EC67C}"
EndProject
Global
	GlobalSection(SolutionConfigurationPlatforms) = preSolution
		Debug|Any CPU = Debug|Any CPU
		Release|Any CPU = Release|Any CPU
	EndGlobalSection
	GlobalSection(ProjectConfigurationPlatforms) = postSolution
		{75B64A2C-A9B7-4F4A-B520-6506E78EC67C}.Debug|Any CPU.ActiveCfg = Debug|Any CPU
		{75B64A2C-A9B7-4F4A-B520-6506E78EC67C}.Debug|Any CPU.Build.0 = Debug|Any CPU
		{75B64A2C-A9B7-4F4A-B520-6506E78EC67C}.Release|Any CPU.ActiveCfg = Release|Any CPU
		{75B64A2C-A9B7-4F4A-B520-6506E78EC67C}.Release|Any CPU.Build.0 = Release|Any CPU
	EndGlobalSection
	GlobalSection(SolutionProperties) = preSolution
		HideSolutionNode = FALSE
	EndGlobalSection
	GlobalSection(ExtensibilityGlobals) = postSolution
		SolutionGuid = {F27536AC-409C-432A-B0A2-6635796E8675}
	EndGlobalSection
EndGlobal
